
Microsoft Visual Studio Solution File, Format Version 12.00
# Visual Studio 14
VisualStudioVersion = 14.0.25420.1
MinimumVisualStudioVersion = 10.0.40219.1
Project("{FAE04EC0-301F-11D3-BF4B-00C04F79EFBC}") = "LemonWay.TechnicalTest.Utilities", "LemonWay.TechnicalTest.Utilities\LemonWay.TechnicalTest.Utilities.csproj", "{8C8B47C7-425A-4D8B-A3D3-C3D3E6D9D00E}"
EndProject
Project("{FAE04EC0-301F-11D3-BF4B-00C04F79EFBC}") = "LemonWay.TechnicalTest.Services.Tests", "LemonWay.TechnicalTest.Services.Tests\LemonWay.TechnicalTest.Services.Tests.csproj", "{E819C354-1643-403D-8504-284C876C6B6F}"
EndProject
Project("{FAE04EC0-301F-11D3-BF4B-00C04F79EFBC}") = "LemonWay.TechnicalTest.Consumer", "LemonWay.TechnicalTest.Consumer\LemonWay.TechnicalTest.Consumer.csproj", "{40C2E9CD-82DC-4E80-B89B-DCEB63E9F024}"
EndProject
Project("{FAE04EC0-301F-11D3-BF4B-00C04F79EFBC}") = "LemonWay.TechnicalTest.Services", "LemonWay.TechnicalTest.Services\LemonWay.TechnicalTest.Services.csproj", "{9F0F0D7A-09F6-4C62-99B3-5A8654DA9B33}"
EndProject
Global
	GlobalSection(SolutionConfigurationPlatforms) = preSolution
		Debug|Any CPU = Debug|Any CPU
		Release|Any CPU = Release|Any CPU
	EndGlobalSection
	GlobalSection(ProjectConfigurationPlatforms) = postSolution
		{8C8B47C7-425A-4D8B-A3D3-C3D3E6D9D00E}.Debug|Any CPU.ActiveCfg = Debug|Any CPU
		{8C8B47C7-425A-4D8B-A3D3-C3D3E6D9D00E}.Debug|Any CPU.Build.0 = Debug|Any CPU
		{8C8B47C7-425A-4D8B-A3D3-C3D3E6D9D00E}.Release|Any CPU.ActiveCfg = Release|Any CPU
		{8C8B47C7-425A-4D8B-A3D3-C3D3E6D9D00E}.Release|Any CPU.Build.0 = Release|Any CPU
		{E819C354-1643-403D-8504-284C876C6B6F}.Debug|Any CPU.ActiveCfg = Debug|Any CPU
		{E819C354-1643-403D-8504-284C876C6B6F}.Debug|Any CPU.Build.0 = Debug|Any CPU
		{E819C354-1643-403D-8504-284C876C6B6F}.Release|Any CPU.ActiveCfg = Release|Any CPU
		{E819C354-1643-403D-8504-284C876C6B6F}.Release|Any CPU.Build.0 = Release|Any CPU
		{40C2E9CD-82DC-4E80-B89B-DCEB63E9F024}.Debug|Any CPU.ActiveCfg = Debug|Any CPU
		{40C2E9CD-82DC-4E80-B89B-DCEB63E9F024}.Debug|Any CPU.Build.0 = Debug|Any CPU
		{40C2E9CD-82DC-4E80-B89B-DCEB63E9F024}.Release|Any CPU.ActiveCfg = Release|Any CPU
		{40C2E9CD-82DC-4E80-B89B-DCEB63E9F024}.Release|Any CPU.Build.0 = Release|Any CPU
		{9F0F0D7A-09F6-4C62-99B3-5A8654DA9B33}.Debug|Any CPU.ActiveCfg = Debug|Any CPU
		{9F0F0D7A-09F6-4C62-99B3-5A8654DA9B33}.Debug|Any CPU.Build.0 = Debug|Any CPU
		{9F0F0D7A-09F6-4C62-99B3-5A8654DA9B33}.Release|Any CPU.ActiveCfg = Release|Any CPU
		{9F0F0D7A-09F6-4C62-99B3-5A8654DA9B33}.Release|Any CPU.Build.0 = Release|Any CPU
	EndGlobalSection
	GlobalSection(SolutionProperties) = preSolution
		HideSolutionNode = FALSE
	EndGlobalSection
EndGlobal
